
Microsoft Visual Studio Solution File, Format Version 12.00
# Visual Studio Version 17
VisualStudioVersion = 17.5.002.0
MinimumVisualStudioVersion = 10.0.40219.1
Project("{2150E333-8FDC-42A3-9474-1A3956D46DE8}") = "Labfiles", "Labfiles", "{F9D21CAA-C02F-4F78-BC5C-CBA434A76AF4}"
EndProject
Project("{2150E333-8FDC-42A3-9474-1A3956D46DE8}") = "01-analyze-text", "01-analyze-text", "{E3DBDDE2-962D-4ABD-BEC6-599DECAFDB73}"
EndProject
Project("{2150E333-8FDC-42A3-9474-1A3956D46DE8}") = "C-Sharp", "C-Sharp", "{9D1836C6-72B1-454A-9B8D-7EC67C40A96A}"
EndProject
Project("{9A19103F-16F7-4668-BE54-9A1E7A4F7556}") = "text-analysis", "Labfiles\01-analyze-text\C-Sharp\text-analysis\text-analysis.csproj", "{55CE68A6-9D65-4897-9154-871471966905}"
EndProject
Project("{2150E333-8FDC-42A3-9474-1A3956D46DE8}") = "02-qna", "02-qna", "{877779D3-1EBA-4884-8B00-C9C216414410}"
EndProject
Project("{2150E333-8FDC-42A3-9474-1A3956D46DE8}") = "C-Sharp", "C-Sharp", "{568AB5C5-8E19-47EA-8DA2-BD3591CD9B87}"
EndProject
Project("{9A19103F-16F7-4668-BE54-9A1E7A4F7556}") = "qna-app", "Labfiles\02-qna\C-Sharp\qna-app\qna-app.csproj", "{D1AFD8ED-FCE7-4113-A969-03C046193CF6}"
EndProject
Project("{2150E333-8FDC-42A3-9474-1A3956D46DE8}") = "03-language", "03-language", "{7187F531-A7A9-4EBA-8190-E934C935989F}"
EndProject
Project("{2150E333-8FDC-42A3-9474-1A3956D46DE8}") = "C-Sharp", "C-Sharp", "{7020EBF3-F23A-4244-828E-03058558F0EE}"
EndProject
Project("{9A19103F-16F7-4668-BE54-9A1E7A4F7556}") = "clock_client", "Labfiles\03-language\C-Sharp\clock-client\clock_client.csproj", "{463DD373-7796-4259-9499-A5A22C64DE61}"
EndProject
Project("{2150E333-8FDC-42A3-9474-1A3956D46DE8}") = "04-text-classification", "04-text-classification", "{C47B1C97-D980-4EBC-B272-DABFD5641F59}"
EndProject
Project("{2150E333-8FDC-42A3-9474-1A3956D46DE8}") = "C-Sharp", "C-Sharp", "{A6560191-7260-486D-AFAC-226B0C913D0A}"
EndProject
Project("{9A19103F-16F7-4668-BE54-9A1E7A4F7556}") = "classify-text", "Labfiles\04-text-classification\C-Sharp\classify-text\classify-text.csproj", "{DB987C69-7E71-4296-9D47-29F6E7211F29}"
EndProject
Project("{2150E333-8FDC-42A3-9474-1A3956D46DE8}") = "05-custom-entity-recognition", "05-custom-entity-recognition", "{93BE119C-20C8-4FE5-9B3C-B9E4F1E29402}"
EndProject
Project("{2150E333-8FDC-42A3-9474-1A3956D46DE8}") = "C-Sharp", "C-Sharp", "{95BB3090-1E65-46DF-9F0F-9193A19BBD12}"
EndProject
Project("{9A19103F-16F7-4668-BE54-9A1E7A4F7556}") = "custom-entities", "Labfiles\05-custom-entity-recognition\C-Sharp\custom-entities\custom-entities.csproj", "{D9D64E28-9D07-4FD4-8EBE-F25E15AC8C30}"
EndProject
Project("{2150E333-8FDC-42A3-9474-1A3956D46DE8}") = "06-translate-text", "06-translate-text", "{289E66BF-82EA-4907-818C-410D080B0387}"
EndProject
Project("{2150E333-8FDC-42A3-9474-1A3956D46DE8}") = "C-Sharp", "C-Sharp", "{A2C6AED9-4CF7-42A6-90C2-25DB56CF4507}"
EndProject
Project("{9A19103F-16F7-4668-BE54-9A1E7A4F7556}") = "translate_text", "Labfiles\06-translate-text\C-Sharp\text-translation\translate_text.csproj", "{C1D6BE25-F88E-446A-8C1C-E932D4DC2355}"
EndProject
Project("{2150E333-8FDC-42A3-9474-1A3956D46DE8}") = "06b-translator-sdk", "06b-translator-sdk", "{2A05779A-B3F0-4C60-B1A9-8B6F3F6AA19C}"
EndProject
Project("{2150E333-8FDC-42A3-9474-1A3956D46DE8}") = "C-Sharp", "C-Sharp", "{66BF800B-3596-45C3-95E9-2B30BF0619D8}"
EndProject
Project("{9A19103F-16F7-4668-BE54-9A1E7A4F7556}") = "translate_text", "Labfiles\06b-translator-sdk\C-Sharp\translate-text\translate_text.csproj", "{028C8F0A-A4BB-4360-B14D-D31EF19C4C94}"
EndProject
Project("{2150E333-8FDC-42A3-9474-1A3956D46DE8}") = "07-speech", "07-speech", "{CB4E6C4D-B9EB-4BE4-8938-E836E47E5698}"
EndProject
Project("{2150E333-8FDC-42A3-9474-1A3956D46DE8}") = "C-Sharp", "C-Sharp", "{7E7F0A54-C0C8-4E01-B372-6A6F53ED9B74}"
EndProject
Project("{9A19103F-16F7-4668-BE54-9A1E7A4F7556}") = "speaking-clock", "Labfiles\07-speech\C-Sharp\speaking-clock\speaking-clock.csproj", "{A82E353F-1A6C-4EC3-9D4A-72E255CFF375}"
EndProject
Project("{2150E333-8FDC-42A3-9474-1A3956D46DE8}") = "08-speech-translation", "08-speech-translation", "{9496AD4F-8939-4E68-A29C-D4C05EDF9F8B}"
EndProject
Project("{2150E333-8FDC-42A3-9474-1A3956D46DE8}") = "C-Sharp", "C-Sharp", "{4CE4AF6D-32AA-49E8-A38E-15B085D6C5DC}"
EndProject
Project("{9A19103F-16F7-4668-BE54-9A1E7A4F7556}") = "translator", "Labfiles\08-speech-translation\C-Sharp\translator\translator.csproj", "{7450AD7C-CF9F-45FC-BC28-B97AEC38DFFA}"
EndProject
Global
	GlobalSection(SolutionConfigurationPlatforms) = preSolution
		Debug|Any CPU = Debug|Any CPU
		Release|Any CPU = Release|Any CPU
	EndGlobalSection
	GlobalSection(ProjectConfigurationPlatforms) = postSolution
		{55CE68A6-9D65-4897-9154-871471966905}.Debug|Any CPU.ActiveCfg = Debug|Any CPU
		{55CE68A6-9D65-4897-9154-871471966905}.Debug|Any CPU.Build.0 = Debug|Any CPU
		{55CE68A6-9D65-4897-9154-871471966905}.Release|Any CPU.ActiveCfg = Release|Any CPU
		{55CE68A6-9D65-4897-9154-871471966905}.Release|Any CPU.Build.0 = Release|Any CPU
		{D1AFD8ED-FCE7-4113-A969-03C046193CF6}.Debug|Any CPU.ActiveCfg = Debug|Any CPU
		{D1AFD8ED-FCE7-4113-A969-03C046193CF6}.Debug|Any CPU.Build.0 = Debug|Any CPU
		{D1AFD8ED-FCE7-4113-A969-03C046193CF6}.Release|Any CPU.ActiveCfg = Release|Any CPU
		{D1AFD8ED-FCE7-4113-A969-03C046193CF6}.Release|Any CPU.Build.0 = Release|Any CPU
		{463DD373-7796-4259-9499-A5A22C64DE61}.Debug|Any CPU.ActiveCfg = Debug|Any CPU
		{463DD373-7796-4259-9499-A5A22C64DE61}.Debug|Any CPU.Build.0 = Debug|Any CPU
		{463DD373-7796-4259-9499-A5A22C64DE61}.Release|Any CPU.ActiveCfg = Release|Any CPU
		{463DD373-7796-4259-9499-A5A22C64DE61}.Release|Any CPU.Build.0 = Release|Any CPU
		{DB987C69-7E71-4296-9D47-29F6E7211F29}.Debug|Any CPU.ActiveCfg = Debug|Any CPU
		{DB987C69-7E71-4296-9D47-29F6E7211F29}.Debug|Any CPU.Build.0 = Debug|Any CPU
		{DB987C69-7E71-4296-9D47-29F6E7211F29}.Release|Any CPU.ActiveCfg = Release|Any CPU
		{DB987C69-7E71-4296-9D47-29F6E7211F29}.Release|Any CPU.Build.0 = Release|Any CPU
		{D9D64E28-9D07-4FD4-8EBE-F25E15AC8C30}.Debug|Any CPU.ActiveCfg = Debug|Any CPU
		{D9D64E28-9D07-4FD4-8EBE-F25E15AC8C30}.Debug|Any CPU.Build.0 = Debug|Any CPU
		{D9D64E28-9D07-4FD4-8EBE-F25E15AC8C30}.Release|Any CPU.ActiveCfg = Release|Any CPU
		{D9D64E28-9D07-4FD4-8EBE-F25E15AC8C30}.Release|Any CPU.Build.0 = Release|Any CPU
		{C1D6BE25-F88E-446A-8C1C-E932D4DC2355}.Debug|Any CPU.ActiveCfg = Debug|Any CPU
		{C1D6BE25-F88E-446A-8C1C-E932D4DC2355}.Debug|Any CPU.Build.0 = Debug|Any CPU
		{C1D6BE25-F88E-446A-8C1C-E932D4DC2355}.Release|Any CPU.ActiveCfg = Release|Any CPU
		{C1D6BE25-F88E-446A-8C1C-E932D4DC2355}.Release|Any CPU.Build.0 = Release|Any CPU
		{028C8F0A-A4BB-4360-B14D-D31EF19C4C94}.Debug|Any CPU.ActiveCfg = Debug|Any CPU
		{028C8F0A-A4BB-4360-B14D-D31EF19C4C94}.Debug|Any CPU.Build.0 = Debug|Any CPU
		{028C8F0A-A4BB-4360-B14D-D31EF19C4C94}.Release|Any CPU.ActiveCfg = Release|Any CPU
		{028C8F0A-A4BB-4360-B14D-D31EF19C4C94}.Release|Any CPU.Build.0 = Release|Any CPU
		{A82E353F-1A6C-4EC3-9D4A-72E255CFF375}.Debug|Any CPU.ActiveCfg = Debug|Any CPU
		{A82E353F-1A6C-4EC3-9D4A-72E255CFF375}.Debug|Any CPU.Build.0 = Debug|Any CPU
		{A82E353F-1A6C-4EC3-9D4A-72E255CFF375}.Release|Any CPU.ActiveCfg = Release|Any CPU
		{A82E353F-1A6C-4EC3-9D4A-72E255CFF375}.Release|Any CPU.Build.0 = Release|Any CPU
		{7450AD7C-CF9F-45FC-BC28-B97AEC38DFFA}.Debug|Any CPU.ActiveCfg = Debug|Any CPU
		{7450AD7C-CF9F-45FC-BC28-B97AEC38DFFA}.Debug|Any CPU.Build.0 = Debug|Any CPU
		{7450AD7C-CF9F-45FC-BC28-B97AEC38DFFA}.Release|Any CPU.ActiveCfg = Release|Any CPU
		{7450AD7C-CF9F-45FC-BC28-B97AEC38DFFA}.Release|Any CPU.Build.0 = Release|Any CPU
	EndGlobalSection
	GlobalSection(SolutionProperties) = preSolution
		HideSolutionNode = FALSE
	EndGlobalSection
	GlobalSection(NestedProjects) = preSolution
		{E3DBDDE2-962D-4ABD-BEC6-599DECAFDB73} = {F9D21CAA-C02F-4F78-BC5C-CBA434A76AF4}
		{9D1836C6-72B1-454A-9B8D-7EC67C40A96A} = {E3DBDDE2-962D-4ABD-BEC6-599DECAFDB73}
		{55CE68A6-9D65-4897-9154-871471966905} = {9D1836C6-72B1-454A-9B8D-7EC67C40A96A}
		{877779D3-1EBA-4884-8B00-C9C216414410} = {F9D21CAA-C02F-4F78-BC5C-CBA434A76AF4}
		{568AB5C5-8E19-47EA-8DA2-BD3591CD9B87} = {877779D3-1EBA-4884-8B00-C9C216414410}
		{D1AFD8ED-FCE7-4113-A969-03C046193CF6} = {568AB5C5-8E19-47EA-8DA2-BD3591CD9B87}
		{7187F531-A7A9-4EBA-8190-E934C935989F} = {F9D21CAA-C02F-4F78-BC5C-CBA434A76AF4}
		{7020EBF3-F23A-4244-828E-03058558F0EE} = {7187F531-A7A9-4EBA-8190-E934C935989F}
		{463DD373-7796-4259-9499-A5A22C64DE61} = {7020EBF3-F23A-4244-828E-03058558F0EE}
		{C47B1C97-D980-4EBC-B272-DABFD5641F59} = {F9D21CAA-C02F-4F78-BC5C-CBA434A76AF4}
		{A6560191-7260-486D-AFAC-226B0C913D0A} = {C47B1C97-D980-4EBC-B272-DABFD5641F59}
		{DB987C69-7E71-4296-9D47-29F6E7211F29} = {A6560191-7260-486D-AFAC-226B0C913D0A}
		{93BE119C-20C8-4FE5-9B3C-B9E4F1E29402} = {F9D21CAA-C02F-4F78-BC5C-CBA434A76AF4}
		{95BB3090-1E65-46DF-9F0F-9193A19BBD12} = {93BE119C-20C8-4FE5-9B3C-B9E4F1E29402}
		{D9D64E28-9D07-4FD4-8EBE-F25E15AC8C30} = {95BB3090-1E65-46DF-9F0F-9193A19BBD12}
		{289E66BF-82EA-4907-818C-410D080B0387} = {F9D21CAA-C02F-4F78-BC5C-CBA434A76AF4}
		{A2C6AED9-4CF7-42A6-90C2-25DB56CF4507} = {289E66BF-82EA-4907-818C-410D080B0387}
		{C1D6BE25-F88E-446A-8C1C-E932D4DC2355} = {A2C6AED9-4CF7-42A6-90C2-25DB56CF4507}
		{2A05779A-B3F0-4C60-B1A9-8B6F3F6AA19C} = {F9D21CAA-C02F-4F78-BC5C-CBA434A76AF4}
		{66BF800B-3596-45C3-95E9-2B30BF0619D8} = {2A05779A-B3F0-4C60-B1A9-8B6F3F6AA19C}
		{028C8F0A-A4BB-4360-B14D-D31EF19C4C94} = {66BF800B-3596-45C3-95E9-2B30BF0619D8}
		{CB4E6C4D-B9EB-4BE4-8938-E836E47E5698} = {F9D21CAA-C02F-4F78-BC5C-CBA434A76AF4}
		{7E7F0A54-C0C8-4E01-B372-6A6F53ED9B74} = {CB4E6C4D-B9EB-4BE4-8938-E836E47E5698}
		{A82E353F-1A6C-4EC3-9D4A-72E255CFF375} = {7E7F0A54-C0C8-4E01-B372-6A6F53ED9B74}
		{9496AD4F-8939-4E68-A29C-D4C05EDF9F8B} = {F9D21CAA-C02F-4F78-BC5C-CBA434A76AF4}
		{4CE4AF6D-32AA-49E8-A38E-15B085D6C5DC} = {9496AD4F-8939-4E68-A29C-D4C05EDF9F8B}
		{7450AD7C-CF9F-45FC-BC28-B97AEC38DFFA} = {4CE4AF6D-32AA-49E8-A38E-15B085D6C5DC}
	EndGlobalSection
	GlobalSection(ExtensibilityGlobals) = postSolution
		SolutionGuid = {31EADF7B-6309-4936-A66D-8C3724220007}
	EndGlobalSection
EndGlobal
